// !$*UTF8*$!
{
	archiveVersion = 1;
	classes = {
	};
	objectVersion = 55;
	objects = {

/* Begin PBXBuildFile section */
		5D66C5852A12C70500CD2551 /* ExchangeRateViewModelTests.swift in Sources */ = {isa = PBXBuildFile; fileRef = 5D66C5802A12C70500CD2551 /* ExchangeRateViewModelTests.swift */; };
		5D66C5862A12C70500CD2551 /* ExchangeRatesTests.swift in Sources */ = {isa = PBXBuildFile; fileRef = 5D66C5822A12C70500CD2551 /* ExchangeRatesTests.swift */; };
		5D66C5872A12C70500CD2551 /* ExchangeRateViewControllerTests.swift in Sources */ = {isa = PBXBuildFile; fileRef = 5D66C5842A12C70500CD2551 /* ExchangeRateViewControllerTests.swift */; };
		5D66C5BD2A12C75200CD2551 /* NetworkManager.swift in Sources */ = {isa = PBXBuildFile; fileRef = 5D66C58C2A12C75200CD2551 /* NetworkManager.swift */; };
		5D66C5BE2A12C75200CD2551 /* Endpoints.swift in Sources */ = {isa = PBXBuildFile; fileRef = 5D66C58E2A12C75200CD2551 /* Endpoints.swift */; };
		5D66C5BF2A12C75200CD2551 /* ExchangeRateEndPoint.swift in Sources */ = {isa = PBXBuildFile; fileRef = 5D66C58F2A12C75200CD2551 /* ExchangeRateEndPoint.swift */; };
		5D66C5C02A12C75200CD2551 /* CurrencyListingEndPoint.swift in Sources */ = {isa = PBXBuildFile; fileRef = 5D66C5902A12C75200CD2551 /* CurrencyListingEndPoint.swift */; };
		5D66C5C12A12C75200CD2551 /* Reachability.swift in Sources */ = {isa = PBXBuildFile; fileRef = 5D66C5922A12C75200CD2551 /* Reachability.swift */; };
		5D66C5C22A12C75200CD2551 /* UIView+Identifier.swift in Sources */ = {isa = PBXBuildFile; fileRef = 5D66C5962A12C75200CD2551 /* UIView+Identifier.swift */; };
		5D66C5C32A12C75200CD2551 /* UIViewController+Toast.swift in Sources */ = {isa = PBXBuildFile; fileRef = 5D66C5982A12C75200CD2551 /* UIViewController+Toast.swift */; };
		5D66C5C42A12C75200CD2551 /* DropdownCell.swift in Sources */ = {isa = PBXBuildFile; fileRef = 5D66C59B2A12C75200CD2551 /* DropdownCell.swift */; };
		5D66C5C52A12C75200CD2551 /* DropdownView.swift in Sources */ = {isa = PBXBuildFile; fileRef = 5D66C59C2A12C75200CD2551 /* DropdownView.swift */; };
		5D66C5C62A12C75200CD2551 /* ToastMessage.swift in Sources */ = {isa = PBXBuildFile; fileRef = 5D66C59D2A12C75200CD2551 /* ToastMessage.swift */; };
		5D66C5C72A12C75200CD2551 /* Observable.swift in Sources */ = {isa = PBXBuildFile; fileRef = 5D66C59E2A12C75200CD2551 /* Observable.swift */; };
		5D66C5C82A12C75200CD2551 /* PaddedImageView.swift in Sources */ = {isa = PBXBuildFile; fileRef = 5D66C59F2A12C75200CD2551 /* PaddedImageView.swift */; };
		5D66C5C92A12C75200CD2551 /* ExchangeRateViewModel.swift in Sources */ = {isa = PBXBuildFile; fileRef = 5D66C5A32A12C75200CD2551 /* ExchangeRateViewModel.swift */; };
		5D66C5CA2A12C75200CD2551 /* ExchangeRateRepository.swift in Sources */ = {isa = PBXBuildFile; fileRef = 5D66C5A52A12C75200CD2551 /* ExchangeRateRepository.swift */; };
		5D66C5CB2A12C75200CD2551 /* ExchangeCurrency.swift in Sources */ = {isa = PBXBuildFile; fileRef = 5D66C5A72A12C75200CD2551 /* ExchangeCurrency.swift */; };
		5D66C5CC2A12C75200CD2551 /* ExchangeRates.swift in Sources */ = {isa = PBXBuildFile; fileRef = 5D66C5A82A12C75200CD2551 /* ExchangeRates.swift */; };
		5D66C5CD2A12C75200CD2551 /* ExchangeRateViewController.swift in Sources */ = {isa = PBXBuildFile; fileRef = 5D66C5AA2A12C75200CD2551 /* ExchangeRateViewController.swift */; };
		5D66C5CE2A12C75200CD2551 /* ExchangeRatesCollectionViewCell.swift in Sources */ = {isa = PBXBuildFile; fileRef = 5D66C5AC2A12C75200CD2551 /* ExchangeRatesCollectionViewCell.swift */; };
		5D66C5CF2A12C75200CD2551 /* ExchangeRatesCollectionViewCell.xib in Resources */ = {isa = PBXBuildFile; fileRef = 5D66C5AD2A12C75200CD2551 /* ExchangeRatesCollectionViewCell.xib */; };
		5D66C5D02A12C75200CD2551 /* ExchangeRateApiService.swift in Sources */ = {isa = PBXBuildFile; fileRef = 5D66C5AF2A12C75200CD2551 /* ExchangeRateApiService.swift */; };
		5D66C5D12A12C75200CD2551 /* LaunchScreen.storyboard in Resources */ = {isa = PBXBuildFile; fileRef = 5D66C5B22A12C75200CD2551 /* LaunchScreen.storyboard */; };
		5D66C5D22A12C75200CD2551 /* Main.storyboard in Resources */ = {isa = PBXBuildFile; fileRef = 5D66C5B42A12C75200CD2551 /* Main.storyboard */; };
		5D66C5D32A12C75200CD2551 /* Assets.xcassets in Resources */ = {isa = PBXBuildFile; fileRef = 5D66C5B72A12C75200CD2551 /* Assets.xcassets */; };
		5D66C5D42A12C75200CD2551 /* currencyRates.json in Resources */ = {isa = PBXBuildFile; fileRef = 5D66C5B92A12C75200CD2551 /* currencyRates.json */; };
		5D66C5D52A12C75200CD2551 /* AppDelegate.swift in Sources */ = {isa = PBXBuildFile; fileRef = 5D66C5BB2A12C75200CD2551 /* AppDelegate.swift */; };
		5D66C5D62A12C75200CD2551 /* SceneDelegate.swift in Sources */ = {isa = PBXBuildFile; fileRef = 5D66C5BC2A12C75200CD2551 /* SceneDelegate.swift */; };
/* End PBXBuildFile section */

/* Begin PBXContainerItemProxy section */
		5D66C44C2A0FB4FF00CD2551 /* PBXContainerItemProxy */ = {
			isa = PBXContainerItemProxy;
			containerPortal = 5D66C42D2A0FB4FD00CD2551 /* Project object */;
			proxyType = 1;
			remoteGlobalIDString = 5D66C4342A0FB4FD00CD2551;
			remoteInfo = CurrencyConverter;
		};
/* End PBXContainerItemProxy section */

/* Begin PBXFileReference section */
		5D66C4352A0FB4FD00CD2551 /* CurrencyConverter.app */ = {isa = PBXFileReference; explicitFileType = wrapper.application; includeInIndex = 0; path = CurrencyConverter.app; sourceTree = BUILT_PRODUCTS_DIR; };
		5D66C4462A0FB4FF00CD2551 /* Info.plist */ = {isa = PBXFileReference; lastKnownFileType = text.plist.xml; path = Info.plist; sourceTree = "<group>"; };
		5D66C44B2A0FB4FF00CD2551 /* CurrencyConverterTests.xctest */ = {isa = PBXFileReference; explicitFileType = wrapper.cfbundle; includeInIndex = 0; path = CurrencyConverterTests.xctest; sourceTree = BUILT_PRODUCTS_DIR; };
		5D66C5802A12C70500CD2551 /* ExchangeRateViewModelTests.swift */ = {isa = PBXFileReference; fileEncoding = 4; lastKnownFileType = sourcecode.swift; path = ExchangeRateViewModelTests.swift; sourceTree = "<group>"; };
		5D66C5822A12C70500CD2551 /* ExchangeRatesTests.swift */ = {isa = PBXFileReference; fileEncoding = 4; lastKnownFileType = sourcecode.swift; path = ExchangeRatesTests.swift; sourceTree = "<group>"; };
		5D66C5842A12C70500CD2551 /* ExchangeRateViewControllerTests.swift */ = {isa = PBXFileReference; fileEncoding = 4; lastKnownFileType = sourcecode.swift; path = ExchangeRateViewControllerTests.swift; sourceTree = "<group>"; };
		5D66C58C2A12C75200CD2551 /* NetworkManager.swift */ = {isa = PBXFileReference; fileEncoding = 4; lastKnownFileType = sourcecode.swift; path = NetworkManager.swift; sourceTree = "<group>"; };
		5D66C58E2A12C75200CD2551 /* Endpoints.swift */ = {isa = PBXFileReference; fileEncoding = 4; lastKnownFileType = sourcecode.swift; path = Endpoints.swift; sourceTree = "<group>"; };
		5D66C58F2A12C75200CD2551 /* ExchangeRateEndPoint.swift */ = {isa = PBXFileReference; fileEncoding = 4; lastKnownFileType = sourcecode.swift; path = ExchangeRateEndPoint.swift; sourceTree = "<group>"; };
		5D66C5902A12C75200CD2551 /* CurrencyListingEndPoint.swift */ = {isa = PBXFileReference; fileEncoding = 4; lastKnownFileType = sourcecode.swift; path = CurrencyListingEndPoint.swift; sourceTree = "<group>"; };
		5D66C5922A12C75200CD2551 /* Reachability.swift */ = {isa = PBXFileReference; fileEncoding = 4; lastKnownFileType = sourcecode.swift; path = Reachability.swift; sourceTree = "<group>"; };
		5D66C5962A12C75200CD2551 /* UIView+Identifier.swift */ = {isa = PBXFileReference; fileEncoding = 4; lastKnownFileType = sourcecode.swift; path = "UIView+Identifier.swift"; sourceTree = "<group>"; };
		5D66C5982A12C75200CD2551 /* UIViewController+Toast.swift */ = {isa = PBXFileReference; fileEncoding = 4; lastKnownFileType = sourcecode.swift; path = "UIViewController+Toast.swift"; sourceTree = "<group>"; };
		5D66C59B2A12C75200CD2551 /* DropdownCell.swift */ = {isa = PBXFileReference; fileEncoding = 4; lastKnownFileType = sourcecode.swift; path = DropdownCell.swift; sourceTree = "<group>"; };
		5D66C59C2A12C75200CD2551 /* DropdownView.swift */ = {isa = PBXFileReference; fileEncoding = 4; lastKnownFileType = sourcecode.swift; path = DropdownView.swift; sourceTree = "<group>"; };
		5D66C59D2A12C75200CD2551 /* ToastMessage.swift */ = {isa = PBXFileReference; fileEncoding = 4; lastKnownFileType = sourcecode.swift; path = ToastMessage.swift; sourceTree = "<group>"; };
		5D66C59E2A12C75200CD2551 /* Observable.swift */ = {isa = PBXFileReference; fileEncoding = 4; lastKnownFileType = sourcecode.swift; path = Observable.swift; sourceTree = "<group>"; };
		5D66C59F2A12C75200CD2551 /* PaddedImageView.swift */ = {isa = PBXFileReference; fileEncoding = 4; lastKnownFileType = sourcecode.swift; path = PaddedImageView.swift; sourceTree = "<group>"; };
		5D66C5A32A12C75200CD2551 /* ExchangeRateViewModel.swift */ = {isa = PBXFileReference; fileEncoding = 4; lastKnownFileType = sourcecode.swift; path = ExchangeRateViewModel.swift; sourceTree = "<group>"; };
		5D66C5A52A12C75200CD2551 /* ExchangeRateRepository.swift */ = {isa = PBXFileReference; fileEncoding = 4; lastKnownFileType = sourcecode.swift; path = ExchangeRateRepository.swift; sourceTree = "<group>"; };
		5D66C5A72A12C75200CD2551 /* ExchangeCurrency.swift */ = {isa = PBXFileReference; fileEncoding = 4; lastKnownFileType = sourcecode.swift; path = ExchangeCurrency.swift; sourceTree = "<group>"; };
		5D66C5A82A12C75200CD2551 /* ExchangeRates.swift */ = {isa = PBXFileReference; fileEncoding = 4; lastKnownFileType = sourcecode.swift; path = ExchangeRates.swift; sourceTree = "<group>"; };
		5D66C5AA2A12C75200CD2551 /* ExchangeRateViewController.swift */ = {isa = PBXFileReference; fileEncoding = 4; lastKnownFileType = sourcecode.swift; path = ExchangeRateViewController.swift; sourceTree = "<group>"; };
		5D66C5AC2A12C75200CD2551 /* ExchangeRatesCollectionViewCell.swift */ = {isa = PBXFileReference; fileEncoding = 4; lastKnownFileType = sourcecode.swift; path = ExchangeRatesCollectionViewCell.swift; sourceTree = "<group>"; };
		5D66C5AD2A12C75200CD2551 /* ExchangeRatesCollectionViewCell.xib */ = {isa = PBXFileReference; fileEncoding = 4; lastKnownFileType = file.xib; path = ExchangeRatesCollectionViewCell.xib; sourceTree = "<group>"; };
		5D66C5AF2A12C75200CD2551 /* ExchangeRateApiService.swift */ = {isa = PBXFileReference; fileEncoding = 4; lastKnownFileType = sourcecode.swift; path = ExchangeRateApiService.swift; sourceTree = "<group>"; };
		5D66C5B32A12C75200CD2551 /* Base */ = {isa = PBXFileReference; lastKnownFileType = file.storyboard; name = Base; path = Base.lproj/LaunchScreen.storyboard; sourceTree = "<group>"; };
		5D66C5B52A12C75200CD2551 /* Base */ = {isa = PBXFileReference; lastKnownFileType = file.storyboard; name = Base; path = Base.lproj/Main.storyboard; sourceTree = "<group>"; };
		5D66C5B72A12C75200CD2551 /* Assets.xcassets */ = {isa = PBXFileReference; lastKnownFileType = folder.assetcatalog; path = Assets.xcassets; sourceTree = "<group>"; };
		5D66C5B92A12C75200CD2551 /* currencyRates.json */ = {isa = PBXFileReference; fileEncoding = 4; lastKnownFileType = text.json; path = currencyRates.json; sourceTree = "<group>"; };
		5D66C5BB2A12C75200CD2551 /* AppDelegate.swift */ = {isa = PBXFileReference; fileEncoding = 4; lastKnownFileType = sourcecode.swift; path = AppDelegate.swift; sourceTree = "<group>"; };
		5D66C5BC2A12C75200CD2551 /* SceneDelegate.swift */ = {isa = PBXFileReference; fileEncoding = 4; lastKnownFileType = sourcecode.swift; path = SceneDelegate.swift; sourceTree = "<group>"; };
/* End PBXFileReference section */

/* Begin PBXFrameworksBuildPhase section */
		5D66C4322A0FB4FD00CD2551 /* Frameworks */ = {
			isa = PBXFrameworksBuildPhase;
			buildActionMask = 2147483647;
			files = (
			);
			runOnlyForDeploymentPostprocessing = 0;
		};
		5D66C4482A0FB4FF00CD2551 /* Frameworks */ = {
			isa = PBXFrameworksBuildPhase;
			buildActionMask = 2147483647;
			files = (
			);
			runOnlyForDeploymentPostprocessing = 0;
		};
/* End PBXFrameworksBuildPhase section */

/* Begin PBXGroup section */
		5D66C42C2A0FB4FD00CD2551 = {
			isa = PBXGroup;
			children = (
				5D66C4372A0FB4FD00CD2551 /* CurrencyConverter */,
				5D66C44E2A0FB4FF00CD2551 /* CurrencyConverterTests */,
				5D66C4362A0FB4FD00CD2551 /* Products */,
			);
			sourceTree = "<group>";
		};
		5D66C4362A0FB4FD00CD2551 /* Products */ = {
			isa = PBXGroup;
			children = (
				5D66C4352A0FB4FD00CD2551 /* CurrencyConverter.app */,
				5D66C44B2A0FB4FF00CD2551 /* CurrencyConverterTests.xctest */,
			);
			name = Products;
			sourceTree = "<group>";
		};
		5D66C4372A0FB4FD00CD2551 /* CurrencyConverter */ = {
			isa = PBXGroup;
			children = (
				5D66C5BA2A12C75200CD2551 /* AppDelegate */,
				5D66C5B02A12C75200CD2551 /* Resources */,
				5D66C5882A12C75200CD2551 /* Sources */,
				5D66C4462A0FB4FF00CD2551 /* Info.plist */,
			);
			path = CurrencyConverter;
			sourceTree = "<group>";
		};
		5D66C44E2A0FB4FF00CD2551 /* CurrencyConverterTests */ = {
			isa = PBXGroup;
			children = (
				5D66C57E2A12C70500CD2551 /* ExchangeRateUnitTest */,
			);
			path = CurrencyConverterTests;
			sourceTree = "<group>";
		};
		5D66C57E2A12C70500CD2551 /* ExchangeRateUnitTest */ = {
			isa = PBXGroup;
			children = (
				5D66C57F2A12C70500CD2551 /* ViewModel */,
				5D66C5812A12C70500CD2551 /* Model */,
				5D66C5832A12C70500CD2551 /* View */,
			);
			path = ExchangeRateUnitTest;
			sourceTree = "<group>";
		};
		5D66C57F2A12C70500CD2551 /* ViewModel */ = {
			isa = PBXGroup;
			children = (
				5D66C5802A12C70500CD2551 /* ExchangeRateViewModelTests.swift */,
			);
			path = ViewModel;
			sourceTree = "<group>";
		};
		5D66C5812A12C70500CD2551 /* Model */ = {
			isa = PBXGroup;
			children = (
				5D66C5822A12C70500CD2551 /* ExchangeRatesTests.swift */,
			);
			path = Model;
			sourceTree = "<group>";
		};
		5D66C5832A12C70500CD2551 /* View */ = {
			isa = PBXGroup;
			children = (
				5D66C5842A12C70500CD2551 /* ExchangeRateViewControllerTests.swift */,
			);
			path = View;
			sourceTree = "<group>";
		};
		5D66C5882A12C75200CD2551 /* Sources */ = {
			isa = PBXGroup;
			children = (
				5D66C5892A12C75200CD2551 /* Managers */,
				5D66C5932A12C75200CD2551 /* Utils */,
				5D66C5A02A12C75200CD2551 /* Modules */,
			);
			path = Sources;
			sourceTree = "<group>";
		};
		5D66C5892A12C75200CD2551 /* Managers */ = {
			isa = PBXGroup;
			children = (
				5D66C58A2A12C75200CD2551 /* Network */,
			);
			path = Managers;
			sourceTree = "<group>";
		};
		5D66C58A2A12C75200CD2551 /* Network */ = {
			isa = PBXGroup;
			children = (
				5D66C58B2A12C75200CD2551 /* NetworkManager */,
				5D66C58D2A12C75200CD2551 /* EndPoints */,
				5D66C5912A12C75200CD2551 /* Reachability */,
			);
			path = Network;
			sourceTree = "<group>";
		};
		5D66C58B2A12C75200CD2551 /* NetworkManager */ = {
			isa = PBXGroup;
			children = (
				5D66C58C2A12C75200CD2551 /* NetworkManager.swift */,
			);
			path = NetworkManager;
			sourceTree = "<group>";
		};
		5D66C58D2A12C75200CD2551 /* EndPoints */ = {
			isa = PBXGroup;
			children = (
				5D66C58E2A12C75200CD2551 /* Endpoints.swift */,
				5D66C58F2A12C75200CD2551 /* ExchangeRateEndPoint.swift */,
				5D66C5902A12C75200CD2551 /* CurrencyListingEndPoint.swift */,
			);
			path = EndPoints;
			sourceTree = "<group>";
		};
		5D66C5912A12C75200CD2551 /* Reachability */ = {
			isa = PBXGroup;
			children = (
				5D66C5922A12C75200CD2551 /* Reachability.swift */,
			);
			path = Reachability;
			sourceTree = "<group>";
		};
		5D66C5932A12C75200CD2551 /* Utils */ = {
			isa = PBXGroup;
			children = (
				5D66C5942A12C75200CD2551 /* Extensions */,
				5D66C5992A12C75200CD2551 /* CustomClass */,
			);
			path = Utils;
			sourceTree = "<group>";
		};
		5D66C5942A12C75200CD2551 /* Extensions */ = {
			isa = PBXGroup;
			children = (
				5D66C5952A12C75200CD2551 /* UIView */,
				5D66C5972A12C75200CD2551 /* UIViewController */,
			);
			path = Extensions;
			sourceTree = "<group>";
		};
		5D66C5952A12C75200CD2551 /* UIView */ = {
			isa = PBXGroup;
			children = (
				5D66C5962A12C75200CD2551 /* UIView+Identifier.swift */,
			);
			path = UIView;
			sourceTree = "<group>";
		};
		5D66C5972A12C75200CD2551 /* UIViewController */ = {
			isa = PBXGroup;
			children = (
				5D66C5982A12C75200CD2551 /* UIViewController+Toast.swift */,
			);
			path = UIViewController;
			sourceTree = "<group>";
		};
		5D66C5992A12C75200CD2551 /* CustomClass */ = {
			isa = PBXGroup;
			children = (
				5D66C59A2A12C75200CD2551 /* DropDownView */,
				5D66C59D2A12C75200CD2551 /* ToastMessage.swift */,
				5D66C59E2A12C75200CD2551 /* Observable.swift */,
				5D66C59F2A12C75200CD2551 /* PaddedImageView.swift */,
			);
			path = CustomClass;
			sourceTree = "<group>";
		};
		5D66C59A2A12C75200CD2551 /* DropDownView */ = {
			isa = PBXGroup;
			children = (
				5D66C59B2A12C75200CD2551 /* DropdownCell.swift */,
				5D66C59C2A12C75200CD2551 /* DropdownView.swift */,
			);
			path = DropDownView;
			sourceTree = "<group>";
		};
		5D66C5A02A12C75200CD2551 /* Modules */ = {
			isa = PBXGroup;
			children = (
				5D66C5A12A12C75200CD2551 /* ExchangeRates */,
			);
			path = Modules;
			sourceTree = "<group>";
		};
		5D66C5A12A12C75200CD2551 /* ExchangeRates */ = {
			isa = PBXGroup;
			children = (
				5D66C5A22A12C75200CD2551 /* ViewModel */,
				5D66C5A42A12C75200CD2551 /* Repository */,
				5D66C5A62A12C75200CD2551 /* Model */,
				5D66C5A92A12C75200CD2551 /* View */,
				5D66C5AE2A12C75200CD2551 /* Services */,
			);
			path = ExchangeRates;
			sourceTree = "<group>";
		};
		5D66C5A22A12C75200CD2551 /* ViewModel */ = {
			isa = PBXGroup;
			children = (
				5D66C5A32A12C75200CD2551 /* ExchangeRateViewModel.swift */,
			);
			path = ViewModel;
			sourceTree = "<group>";
		};
		5D66C5A42A12C75200CD2551 /* Repository */ = {
			isa = PBXGroup;
			children = (
				5D66C5A52A12C75200CD2551 /* ExchangeRateRepository.swift */,
			);
			path = Repository;
			sourceTree = "<group>";
		};
		5D66C5A62A12C75200CD2551 /* Model */ = {
			isa = PBXGroup;
			children = (
				5D66C5A72A12C75200CD2551 /* ExchangeCurrency.swift */,
				5D66C5A82A12C75200CD2551 /* ExchangeRates.swift */,
			);
			path = Model;
			sourceTree = "<group>";
		};
		5D66C5A92A12C75200CD2551 /* View */ = {
			isa = PBXGroup;
			children = (
				5D66C5AA2A12C75200CD2551 /* ExchangeRateViewController.swift */,
				5D66C5AB2A12C75200CD2551 /* Cell */,
			);
			path = View;
			sourceTree = "<group>";
		};
		5D66C5AB2A12C75200CD2551 /* Cell */ = {
			isa = PBXGroup;
			children = (
				5D66C5AC2A12C75200CD2551 /* ExchangeRatesCollectionViewCell.swift */,
				5D66C5AD2A12C75200CD2551 /* ExchangeRatesCollectionViewCell.xib */,
			);
			path = Cell;
			sourceTree = "<group>";
		};
		5D66C5AE2A12C75200CD2551 /* Services */ = {
			isa = PBXGroup;
			children = (
				5D66C5AF2A12C75200CD2551 /* ExchangeRateApiService.swift */,
			);
			path = Services;
			sourceTree = "<group>";
		};
		5D66C5B02A12C75200CD2551 /* Resources */ = {
			isa = PBXGroup;
			children = (
				5D66C5B12A12C75200CD2551 /* Storyboards */,
				5D66C5B62A12C75200CD2551 /* Assets */,
				5D66C5B82A12C75200CD2551 /* JSONFiles */,
			);
			path = Resources;
			sourceTree = "<group>";
		};
		5D66C5B12A12C75200CD2551 /* Storyboards */ = {
			isa = PBXGroup;
			children = (
				5D66C5B22A12C75200CD2551 /* LaunchScreen.storyboard */,
				5D66C5B42A12C75200CD2551 /* Main.storyboard */,
			);
			path = Storyboards;
			sourceTree = "<group>";
		};
		5D66C5B62A12C75200CD2551 /* Assets */ = {
			isa = PBXGroup;
			children = (
				5D66C5B72A12C75200CD2551 /* Assets.xcassets */,
			);
			path = Assets;
			sourceTree = "<group>";
		};
		5D66C5B82A12C75200CD2551 /* JSONFiles */ = {
			isa = PBXGroup;
			children = (
				5D66C5B92A12C75200CD2551 /* currencyRates.json */,
			);
			path = JSONFiles;
			sourceTree = "<group>";
		};
		5D66C5BA2A12C75200CD2551 /* AppDelegate */ = {
			isa = PBXGroup;
			children = (
				5D66C5BB2A12C75200CD2551 /* AppDelegate.swift */,
				5D66C5BC2A12C75200CD2551 /* SceneDelegate.swift */,
			);
			path = AppDelegate;
			sourceTree = "<group>";
		};
/* End PBXGroup section */

/* Begin PBXNativeTarget section */
		5D66C4342A0FB4FD00CD2551 /* CurrencyConverter */ = {
			isa = PBXNativeTarget;
			buildConfigurationList = 5D66C45F2A0FB4FF00CD2551 /* Build configuration list for PBXNativeTarget "CurrencyConverter" */;
			buildPhases = (
				5D66C4312A0FB4FD00CD2551 /* Sources */,
				5D66C4322A0FB4FD00CD2551 /* Frameworks */,
				5D66C4332A0FB4FD00CD2551 /* Resources */,
			);
			buildRules = (
			);
			dependencies = (
			);
			name = CurrencyConverter;
			productName = CurrencyConverter;
			productReference = 5D66C4352A0FB4FD00CD2551 /* CurrencyConverter.app */;
			productType = "com.apple.product-type.application";
		};
		5D66C44A2A0FB4FF00CD2551 /* CurrencyConverterTests */ = {
			isa = PBXNativeTarget;
			buildConfigurationList = 5D66C4622A0FB4FF00CD2551 /* Build configuration list for PBXNativeTarget "CurrencyConverterTests" */;
			buildPhases = (
				5D66C4472A0FB4FF00CD2551 /* Sources */,
				5D66C4482A0FB4FF00CD2551 /* Frameworks */,
				5D66C4492A0FB4FF00CD2551 /* Resources */,
			);
			buildRules = (
			);
			dependencies = (
				5D66C44D2A0FB4FF00CD2551 /* PBXTargetDependency */,
			);
			name = CurrencyConverterTests;
			productName = CurrencyConverterTests;
			productReference = 5D66C44B2A0FB4FF00CD2551 /* CurrencyConverterTests.xctest */;
			productType = "com.apple.product-type.bundle.unit-test";
		};
/* End PBXNativeTarget section */

/* Begin PBXProject section */
		5D66C42D2A0FB4FD00CD2551 /* Project object */ = {
			isa = PBXProject;
			attributes = {
				BuildIndependentTargetsInParallel = 1;
				LastSwiftUpdateCheck = 1420;
				LastUpgradeCheck = 1420;
				TargetAttributes = {
					5D66C4342A0FB4FD00CD2551 = {
						CreatedOnToolsVersion = 14.2;
					};
					5D66C44A2A0FB4FF00CD2551 = {
						CreatedOnToolsVersion = 14.2;
						TestTargetID = 5D66C4342A0FB4FD00CD2551;
					};
				};
			};
			buildConfigurationList = 5D66C4302A0FB4FD00CD2551 /* Build configuration list for PBXProject "CurrencyConverter" */;
			compatibilityVersion = "Xcode 13.0";
			developmentRegion = en;
			hasScannedForEncodings = 0;
			knownRegions = (
				en,
				Base,
			);
			mainGroup = 5D66C42C2A0FB4FD00CD2551;
			productRefGroup = 5D66C4362A0FB4FD00CD2551 /* Products */;
			projectDirPath = "";
			projectRoot = "";
			targets = (
				5D66C4342A0FB4FD00CD2551 /* CurrencyConverter */,
				5D66C44A2A0FB4FF00CD2551 /* CurrencyConverterTests */,
			);
		};
/* End PBXProject section */

/* Begin PBXResourcesBuildPhase section */
		5D66C4332A0FB4FD00CD2551 /* Resources */ = {
			isa = PBXResourcesBuildPhase;
			buildActionMask = 2147483647;
			files = (
				5D66C5D22A12C75200CD2551 /* Main.storyboard in Resources */,
				5D66C5CF2A12C75200CD2551 /* ExchangeRatesCollectionViewCell.xib in Resources */,
				5D66C5D32A12C75200CD2551 /* Assets.xcassets in Resources */,
				5D66C5D12A12C75200CD2551 /* LaunchScreen.storyboard in Resources */,
				5D66C5D42A12C75200CD2551 /* currencyRates.json in Resources */,
			);
			runOnlyForDeploymentPostprocessing = 0;
		};
		5D66C4492A0FB4FF00CD2551 /* Resources */ = {
			isa = PBXResourcesBuildPhase;
			buildActionMask = 2147483647;
			files = (
			);
			runOnlyForDeploymentPostprocessing = 0;
		};
/* End PBXResourcesBuildPhase section */

/* Begin PBXSourcesBuildPhase section */
		5D66C4312A0FB4FD00CD2551 /* Sources */ = {
			isa = PBXSourcesBuildPhase;
			buildActionMask = 2147483647;
			files = (
				5D66C5CC2A12C75200CD2551 /* ExchangeRates.swift in Sources */,
				5D66C5CE2A12C75200CD2551 /* ExchangeRatesCollectionViewCell.swift in Sources */,
				5D66C5C72A12C75200CD2551 /* Observable.swift in Sources */,
				5D66C5BE2A12C75200CD2551 /* Endpoints.swift in Sources */,
				5D66C5BD2A12C75200CD2551 /* NetworkManager.swift in Sources */,
				5D66C5C42A12C75200CD2551 /* DropdownCell.swift in Sources */,
				5D66C5C62A12C75200CD2551 /* ToastMessage.swift in Sources */,
				5D66C5C02A12C75200CD2551 /* CurrencyListingEndPoint.swift in Sources */,
				5D66C5D62A12C75200CD2551 /* SceneDelegate.swift in Sources */,
				5D66C5D52A12C75200CD2551 /* AppDelegate.swift in Sources */,
				5D66C5C32A12C75200CD2551 /* UIViewController+Toast.swift in Sources */,
				5D66C5CD2A12C75200CD2551 /* ExchangeRateViewController.swift in Sources */,
				5D66C5C52A12C75200CD2551 /* DropdownView.swift in Sources */,
				5D66C5CA2A12C75200CD2551 /* ExchangeRateRepository.swift in Sources */,
				5D66C5D02A12C75200CD2551 /* ExchangeRateApiService.swift in Sources */,
				5D66C5C82A12C75200CD2551 /* PaddedImageView.swift in Sources */,
				5D66C5C92A12C75200CD2551 /* ExchangeRateViewModel.swift in Sources */,
				5D66C5C12A12C75200CD2551 /* Reachability.swift in Sources */,
				5D66C5BF2A12C75200CD2551 /* ExchangeRateEndPoint.swift in Sources */,
				5D66C5C22A12C75200CD2551 /* UIView+Identifier.swift in Sources */,
				5D66C5CB2A12C75200CD2551 /* ExchangeCurrency.swift in Sources */,
			);
			runOnlyForDeploymentPostprocessing = 0;
		};
		5D66C4472A0FB4FF00CD2551 /* Sources */ = {
			isa = PBXSourcesBuildPhase;
			buildActionMask = 2147483647;
			files = (
				5D66C5872A12C70500CD2551 /* ExchangeRateViewControllerTests.swift in Sources */,
				5D66C5862A12C70500CD2551 /* ExchangeRatesTests.swift in Sources */,
				5D66C5852A12C70500CD2551 /* ExchangeRateViewModelTests.swift in Sources */,
			);
			runOnlyForDeploymentPostprocessing = 0;
		};
/* End PBXSourcesBuildPhase section */

/* Begin PBXTargetDependency section */
		5D66C44D2A0FB4FF00CD2551 /* PBXTargetDependency */ = {
			isa = PBXTargetDependency;
			target = 5D66C4342A0FB4FD00CD2551 /* CurrencyConverter */;
			targetProxy = 5D66C44C2A0FB4FF00CD2551 /* PBXContainerItemProxy */;
		};
/* End PBXTargetDependency section */

/* Begin PBXVariantGroup section */
		5D66C5B22A12C75200CD2551 /* LaunchScreen.storyboard */ = {
			isa = PBXVariantGroup;
			children = (
				5D66C5B32A12C75200CD2551 /* Base */,
			);
			name = LaunchScreen.storyboard;
			sourceTree = "<group>";
		};
		5D66C5B42A12C75200CD2551 /* Main.storyboard */ = {
			isa = PBXVariantGroup;
			children = (
				5D66C5B52A12C75200CD2551 /* Base */,
			);
			name = Main.storyboard;
			sourceTree = "<group>";
		};
/* End PBXVariantGroup section */

/* Begin XCBuildConfiguration section */
		5D66C45D2A0FB4FF00CD2551 /* Debug */ = {
			isa = XCBuildConfiguration;
			buildSettings = {
				ALWAYS_SEARCH_USER_PATHS = NO;
				CLANG_ANALYZER_NONNULL = YES;
				CLANG_ANALYZER_NUMBER_OBJECT_CONVERSION = YES_AGGRESSIVE;
				CLANG_CXX_LANGUAGE_STANDARD = "gnu++20";
				CLANG_ENABLE_MODULES = YES;
				CLANG_ENABLE_OBJC_ARC = YES;
				CLANG_ENABLE_OBJC_WEAK = YES;
				CLANG_WARN_BLOCK_CAPTURE_AUTORELEASING = YES;
				CLANG_WARN_BOOL_CONVERSION = YES;
				CLANG_WARN_COMMA = YES;
				CLANG_WARN_CONSTANT_CONVERSION = YES;
				CLANG_WARN_DEPRECATED_OBJC_IMPLEMENTATIONS = YES;
				CLANG_WARN_DIRECT_OBJC_ISA_USAGE = YES_ERROR;
				CLANG_WARN_DOCUMENTATION_COMMENTS = YES;
				CLANG_WARN_EMPTY_BODY = YES;
				CLANG_WARN_ENUM_CONVERSION = YES;
				CLANG_WARN_INFINITE_RECURSION = YES;
				CLANG_WARN_INT_CONVERSION = YES;
				CLANG_WARN_NON_LITERAL_NULL_CONVERSION = YES;
				CLANG_WARN_OBJC_IMPLICIT_RETAIN_SELF = YES;
				CLANG_WARN_OBJC_LITERAL_CONVERSION = YES;
				CLANG_WARN_OBJC_ROOT_CLASS = YES_ERROR;
				CLANG_WARN_QUOTED_INCLUDE_IN_FRAMEWORK_HEADER = YES;
				CLANG_WARN_RANGE_LOOP_ANALYSIS = YES;
				CLANG_WARN_STRICT_PROTOTYPES = YES;
				CLANG_WARN_SUSPICIOUS_MOVE = YES;
				CLANG_WARN_UNGUARDED_AVAILABILITY = YES_AGGRESSIVE;
				CLANG_WARN_UNREACHABLE_CODE = YES;
				CLANG_WARN__DUPLICATE_METHOD_MATCH = YES;
				COPY_PHASE_STRIP = NO;
				DEBUG_INFORMATION_FORMAT = dwarf;
				ENABLE_STRICT_OBJC_MSGSEND = YES;
				ENABLE_TESTABILITY = YES;
				GCC_C_LANGUAGE_STANDARD = gnu11;
				GCC_DYNAMIC_NO_PIC = NO;
				GCC_NO_COMMON_BLOCKS = YES;
				GCC_OPTIMIZATION_LEVEL = 0;
				GCC_PREPROCESSOR_DEFINITIONS = (
					"DEBUG=1",
					"$(inherited)",
				);
				GCC_WARN_64_TO_32_BIT_CONVERSION = YES;
				GCC_WARN_ABOUT_RETURN_TYPE = YES_ERROR;
				GCC_WARN_UNDECLARED_SELECTOR = YES;
				GCC_WARN_UNINITIALIZED_AUTOS = YES_AGGRESSIVE;
				GCC_WARN_UNUSED_FUNCTION = YES;
				GCC_WARN_UNUSED_VARIABLE = YES;
				IPHONEOS_DEPLOYMENT_TARGET = 15.0;
				MTL_ENABLE_DEBUG_INFO = INCLUDE_SOURCE;
				MTL_FAST_MATH = YES;
				ONLY_ACTIVE_ARCH = YES;
				SDKROOT = iphoneos;
				SWIFT_ACTIVE_COMPILATION_CONDITIONS = DEBUG;
				SWIFT_OPTIMIZATION_LEVEL = "-Onone";
			};
			name = Debug;
		};
		5D66C45E2A0FB4FF00CD2551 /* Release */ = {
			isa = XCBuildConfiguration;
			buildSettings = {
				ALWAYS_SEARCH_USER_PATHS = NO;
				CLANG_ANALYZER_NONNULL = YES;
				CLANG_ANALYZER_NUMBER_OBJECT_CONVERSION = YES_AGGRESSIVE;
				CLANG_CXX_LANGUAGE_STANDARD = "gnu++20";
				CLANG_ENABLE_MODULES = YES;
				CLANG_ENABLE_OBJC_ARC = YES;
				CLANG_ENABLE_OBJC_WEAK = YES;
				CLANG_WARN_BLOCK_CAPTURE_AUTORELEASING = YES;
				CLANG_WARN_BOOL_CONVERSION = YES;
				CLANG_WARN_COMMA = YES;
				CLANG_WARN_CONSTANT_CONVERSION = YES;
				CLANG_WARN_DEPRECATED_OBJC_IMPLEMENTATIONS = YES;
				CLANG_WARN_DIRECT_OBJC_ISA_USAGE = YES_ERROR;
				CLANG_WARN_DOCUMENTATION_COMMENTS = YES;
				CLANG_WARN_EMPTY_BODY = YES;
				CLANG_WARN_ENUM_CONVERSION = YES;
				CLANG_WARN_INFINITE_RECURSION = YES;
				CLANG_WARN_INT_CONVERSION = YES;
				CLANG_WARN_NON_LITERAL_NULL_CONVERSION = YES;
				CLANG_WARN_OBJC_IMPLICIT_RETAIN_SELF = YES;
				CLANG_WARN_OBJC_LITERAL_CONVERSION = YES;
				CLANG_WARN_OBJC_ROOT_CLASS = YES_ERROR;
				CLANG_WARN_QUOTED_INCLUDE_IN_FRAMEWORK_HEADER = YES;
				CLANG_WARN_RANGE_LOOP_ANALYSIS = YES;
				CLANG_WARN_STRICT_PROTOTYPES = YES;
				CLANG_WARN_SUSPICIOUS_MOVE = YES;
				CLANG_WARN_UNGUARDED_AVAILABILITY = YES_AGGRESSIVE;
				CLANG_WARN_UNREACHABLE_CODE = YES;
				CLANG_WARN__DUPLICATE_METHOD_MATCH = YES;
				COPY_PHASE_STRIP = NO;
				DEBUG_INFORMATION_FORMAT = "dwarf-with-dsym";
				ENABLE_NS_ASSERTIONS = NO;
				ENABLE_STRICT_OBJC_MSGSEND = YES;
				GCC_C_LANGUAGE_STANDARD = gnu11;
				GCC_NO_COMMON_BLOCKS = YES;
				GCC_WARN_64_TO_32_BIT_CONVERSION = YES;
				GCC_WARN_ABOUT_RETURN_TYPE = YES_ERROR;
				GCC_WARN_UNDECLARED_SELECTOR = YES;
				GCC_WARN_UNINITIALIZED_AUTOS = YES_AGGRESSIVE;
				GCC_WARN_UNUSED_FUNCTION = YES;
				GCC_WARN_UNUSED_VARIABLE = YES;
				IPHONEOS_DEPLOYMENT_TARGET = 15.0;
				MTL_ENABLE_DEBUG_INFO = NO;
				MTL_FAST_MATH = YES;
				SDKROOT = iphoneos;
				SWIFT_COMPILATION_MODE = wholemodule;
				SWIFT_OPTIMIZATION_LEVEL = "-O";
				VALIDATE_PRODUCT = YES;
			};
			name = Release;
		};
		5D66C4602A0FB4FF00CD2551 /* Debug */ = {
			isa = XCBuildConfiguration;
			buildSettings = {
				ASSETCATALOG_COMPILER_APPICON_NAME = AppIcon;
				ASSETCATALOG_COMPILER_GLOBAL_ACCENT_COLOR_NAME = AccentColor;
				CODE_SIGN_STYLE = Automatic;
				CURRENT_PROJECT_VERSION = 1;
				DEVELOPMENT_TEAM = QAU87WPHH7;
				GENERATE_INFOPLIST_FILE = YES;
				INFOPLIST_FILE = CurrencyConverter/Info.plist;
				INFOPLIST_KEY_UIApplicationSupportsIndirectInputEvents = YES;
				INFOPLIST_KEY_UILaunchStoryboardName = LaunchScreen;
				INFOPLIST_KEY_UIMainStoryboardFile = Main;
				INFOPLIST_KEY_UISupportedInterfaceOrientations_iPad = "UIInterfaceOrientationPortrait UIInterfaceOrientationPortraitUpsideDown UIInterfaceOrientationLandscapeLeft UIInterfaceOrientationLandscapeRight";
				INFOPLIST_KEY_UISupportedInterfaceOrientations_iPhone = "UIInterfaceOrientationPortrait UIInterfaceOrientationLandscapeLeft UIInterfaceOrientationLandscapeRight";
				IPHONEOS_DEPLOYMENT_TARGET = 15.0;
				LD_RUNPATH_SEARCH_PATHS = (
					"$(inherited)",
					"@executable_path/Frameworks",
				);
				MARKETING_VERSION = 1.0;
				PRODUCT_BUNDLE_IDENTIFIER = com.CurrencyConverter.demo.CurrencyConverter;
				PRODUCT_NAME = "$(TARGET_NAME)";
				SWIFT_EMIT_LOC_STRINGS = YES;
				SWIFT_VERSION = 5.0;
				TARGETED_DEVICE_FAMILY = "1,2";
			};
			name = Debug;
		};
		5D66C4612A0FB4FF00CD2551 /* Release */ = {
			isa = XCBuildConfiguration;
			buildSettings = {
				ASSETCATALOG_COMPILER_APPICON_NAME = AppIcon;
				ASSETCATALOG_COMPILER_GLOBAL_ACCENT_COLOR_NAME = AccentColor;
				CODE_SIGN_STYLE = Automatic;
				CURRENT_PROJECT_VERSION = 1;
				DEVELOPMENT_TEAM = QAU87WPHH7;
				GENERATE_INFOPLIST_FILE = YES;
				INFOPLIST_FILE = CurrencyConverter/Info.plist;
				INFOPLIST_KEY_UIApplicationSupportsIndirectInputEvents = YES;
				INFOPLIST_KEY_UILaunchStoryboardName = LaunchScreen;
				INFOPLIST_KEY_UIMainStoryboardFile = Main;
				INFOPLIST_KEY_UISupportedInterfaceOrientations_iPad = "UIInterfaceOrientationPortrait UIInterfaceOrientationPortraitUpsideDown UIInterfaceOrientationLandscapeLeft UIInterfaceOrientationLandscapeRight";
				INFOPLIST_KEY_UISupportedInterfaceOrientations_iPhone = "UIInterfaceOrientationPortrait UIInterfaceOrientationLandscapeLeft UIInterfaceOrientationLandscapeRight";
				IPHONEOS_DEPLOYMENT_TARGET = 15.0;
				LD_RUNPATH_SEARCH_PATHS = (
					"$(inherited)",
					"@executable_path/Frameworks",
				);
				MARKETING_VERSION = 1.0;
				PRODUCT_BUNDLE_IDENTIFIER = com.CurrencyConverter.demo.CurrencyConverter;
				PRODUCT_NAME = "$(TARGET_NAME)";
				SWIFT_EMIT_LOC_STRINGS = YES;
				SWIFT_VERSION = 5.0;
				TARGETED_DEVICE_FAMILY = "1,2";
			};
			name = Release;
		};
		5D66C4632A0FB4FF00CD2551 /* Debug */ = {
			isa = XCBuildConfiguration;
			buildSettings = {
				ALWAYS_EMBED_SWIFT_STANDARD_LIBRARIES = YES;
				BUNDLE_LOADER = "$(TEST_HOST)";
				CODE_SIGN_STYLE = Automatic;
				CURRENT_PROJECT_VERSION = 1;
				DEVELOPMENT_TEAM = QAU87WPHH7;
				GENERATE_INFOPLIST_FILE = YES;
				IPHONEOS_DEPLOYMENT_TARGET = 15.0;
				MARKETING_VERSION = 1.0;
				PRODUCT_BUNDLE_IDENTIFIER = com.CurrencyConverter.demo.CurrencyConverterTests;
				PRODUCT_NAME = "$(TARGET_NAME)";
				SWIFT_EMIT_LOC_STRINGS = NO;
				SWIFT_VERSION = 5.0;
				TARGETED_DEVICE_FAMILY = "1,2";
				TEST_HOST = "$(BUILT_PRODUCTS_DIR)/CurrencyConverter.app/$(BUNDLE_EXECUTABLE_FOLDER_PATH)/CurrencyConverter";
			};
			name = Debug;
		};
		5D66C4642A0FB4FF00CD2551 /* Release */ = {
			isa = XCBuildConfiguration;
			buildSettings = {
				ALWAYS_EMBED_SWIFT_STANDARD_LIBRARIES = YES;
				BUNDLE_LOADER = "$(TEST_HOST)";
				CODE_SIGN_STYLE = Automatic;
				CURRENT_PROJECT_VERSION = 1;
				DEVELOPMENT_TEAM = QAU87WPHH7;
				GENERATE_INFOPLIST_FILE = YES;
				IPHONEOS_DEPLOYMENT_TARGET = 15.0;
				MARKETING_VERSION = 1.0;
				PRODUCT_BUNDLE_IDENTIFIER = com.CurrencyConverter.demo.CurrencyConverterTests;
				PRODUCT_NAME = "$(TARGET_NAME)";
				SWIFT_EMIT_LOC_STRINGS = NO;
				SWIFT_VERSION = 5.0;
				TARGETED_DEVICE_FAMILY = "1,2";
				TEST_HOST = "$(BUILT_PRODUCTS_DIR)/CurrencyConverter.app/$(BUNDLE_EXECUTABLE_FOLDER_PATH)/CurrencyConverter";
			};
			name = Release;
		};
/* End XCBuildConfiguration section */

/* Begin XCConfigurationList section */
		5D66C4302A0FB4FD00CD2551 /* Build configuration list for PBXProject "CurrencyConverter" */ = {
			isa = XCConfigurationList;
			buildConfigurations = (
				5D66C45D2A0FB4FF00CD2551 /* Debug */,
				5D66C45E2A0FB4FF00CD2551 /* Release */,
			);
			defaultConfigurationIsVisible = 0;
			defaultConfigurationName = Release;
		};
		5D66C45F2A0FB4FF00CD2551 /* Build configuration list for PBXNativeTarget "CurrencyConverter" */ = {
			isa = XCConfigurationList;
			buildConfigurations = (
				5D66C4602A0FB4FF00CD2551 /* Debug */,
				5D66C4612A0FB4FF00CD2551 /* Release */,
			);
			defaultConfigurationIsVisible = 0;
			defaultConfigurationName = Release;
		};
		5D66C4622A0FB4FF00CD2551 /* Build configuration list for PBXNativeTarget "CurrencyConverterTests" */ = {
			isa = XCConfigurationList;
			buildConfigurations = (
				5D66C4632A0FB4FF00CD2551 /* Debug */,
				5D66C4642A0FB4FF00CD2551 /* Release */,
			);
			defaultConfigurationIsVisible = 0;
			defaultConfigurationName = Release;
		};
/* End XCConfigurationList section */
	};
	rootObject = 5D66C42D2A0FB4FD00CD2551 /* Project object */;
}
